
Microsoft Visual Studio Solution File, Format Version 12.00
# Visual Studio Version 17
VisualStudioVersion = 17.7.34003.232
MinimumVisualStudioVersion = 10.0.40219.1
Project("{FAE04EC0-301F-11D3-BF4B-00C04F79EFBC}") = "PacientTriage", "PacientTriage\PacientTriage.csproj", "{B4F8D506-5835-4D1E-B9A3-57906E212F20}"
EndProject
Project("{FAE04EC0-301F-11D3-BF4B-00C04F79EFBC}") = "UnitTests", "UnitTests\UnitTests.csproj", "{412E9B63-20C8-48F5-8069-0A6D024AEB6F}"
EndProject
Global
	GlobalSection(SolutionConfigurationPlatforms) = preSolution
		Debug|Any CPU = Debug|Any CPU
		Release|Any CPU = Release|Any CPU
	EndGlobalSection
	GlobalSection(ProjectConfigurationPlatforms) = postSolution
		{B4F8D506-5835-4D1E-B9A3-57906E212F20}.Debug|Any CPU.ActiveCfg = Debug|Any CPU
		{B4F8D506-5835-4D1E-B9A3-57906E212F20}.Debug|Any CPU.Build.0 = Debug|Any CPU
		{B4F8D506-5835-4D1E-B9A3-57906E212F20}.Release|Any CPU.ActiveCfg = Release|Any CPU
		{B4F8D506-5835-4D1E-B9A3-57906E212F20}.Release|Any CPU.Build.0 = Release|Any CPU
		{412E9B63-20C8-48F5-8069-0A6D024AEB6F}.Debug|Any CPU.ActiveCfg = Debug|Any CPU
		{412E9B63-20C8-48F5-8069-0A6D024AEB6F}.Debug|Any CPU.Build.0 = Debug|Any CPU
		{412E9B63-20C8-48F5-8069-0A6D024AEB6F}.Release|Any CPU.ActiveCfg = Release|Any CPU
		{412E9B63-20C8-48F5-8069-0A6D024AEB6F}.Release|Any CPU.Build.0 = Release|Any CPU
	EndGlobalSection
	GlobalSection(SolutionProperties) = preSolution
		HideSolutionNode = FALSE
	EndGlobalSection
	GlobalSection(ExtensibilityGlobals) = postSolution
		SolutionGuid = {E9E7F0C6-C4FA-4268-8A34-A794811E10C4}
	EndGlobalSection
EndGlobal
